// !$*UTF8*$!
{
	archiveVersion = 1;
	classes = {
	};
	objectVersion = 50;
	objects = {

/* Begin PBXBuildFile section */
		A2215344219E3A1E00E0A78A /* CalculoMoneroTests.swift in Sources */ = {isa = PBXBuildFile; fileRef = A2215343219E3A1E00E0A78A /* CalculoMoneroTests.swift */; };
		A221534F219E3A1E00E0A78A /* CalculoMoneroUITests.swift in Sources */ = {isa = PBXBuildFile; fileRef = A221534E219E3A1E00E0A78A /* CalculoMoneroUITests.swift */; };
		A221536C219E3A6200E0A78A /* GameViewController.swift in Sources */ = {isa = PBXBuildFile; fileRef = A221535C219E3A6000E0A78A /* GameViewController.swift */; };
		A221536D219E3A6200E0A78A /* GameViewController.swift in Sources */ = {isa = PBXBuildFile; fileRef = A221535C219E3A6000E0A78A /* GameViewController.swift */; };
		A221536E219E3A6200E0A78A /* GameViewController.swift in Sources */ = {isa = PBXBuildFile; fileRef = A221535C219E3A6000E0A78A /* GameViewController.swift */; };
		A221536F219E3A6200E0A78A /* AppDelegate.swift in Sources */ = {isa = PBXBuildFile; fileRef = A221535D219E3A6000E0A78A /* AppDelegate.swift */; };
		A2215370219E3A6200E0A78A /* AppDelegate.swift in Sources */ = {isa = PBXBuildFile; fileRef = A221535D219E3A6000E0A78A /* AppDelegate.swift */; };
		A2215371219E3A6200E0A78A /* AppDelegate.swift in Sources */ = {isa = PBXBuildFile; fileRef = A221535D219E3A6000E0A78A /* AppDelegate.swift */; };
		A2215372219E3A6200E0A78A /* assets.atlas in Resources */ = {isa = PBXBuildFile; fileRef = A221535E219E3A6000E0A78A /* assets.atlas */; };
		A2215373219E3A6200E0A78A /* assets.atlas in Resources */ = {isa = PBXBuildFile; fileRef = A221535E219E3A6000E0A78A /* assets.atlas */; };
		A2215374219E3A6200E0A78A /* assets.atlas in Resources */ = {isa = PBXBuildFile; fileRef = A221535E219E3A6000E0A78A /* assets.atlas */; };
		A2215375219E3A6200E0A78A /* ProfessorView.swift in Sources */ = {isa = PBXBuildFile; fileRef = A221535F219E3A6000E0A78A /* ProfessorView.swift */; };
		A2215376219E3A6200E0A78A /* ProfessorView.swift in Sources */ = {isa = PBXBuildFile; fileRef = A221535F219E3A6000E0A78A /* ProfessorView.swift */; };
		A2215377219E3A6200E0A78A /* ProfessorView.swift in Sources */ = {isa = PBXBuildFile; fileRef = A221535F219E3A6000E0A78A /* ProfessorView.swift */; };
		A2215378219E3A6200E0A78A /* hitBuilding.sks in Resources */ = {isa = PBXBuildFile; fileRef = A2215360219E3A6100E0A78A /* hitBuilding.sks */; };
		A2215379219E3A6200E0A78A /* hitBuilding.sks in Resources */ = {isa = PBXBuildFile; fileRef = A2215360219E3A6100E0A78A /* hitBuilding.sks */; };
		A221537A219E3A6200E0A78A /* hitBuilding.sks in Resources */ = {isa = PBXBuildFile; fileRef = A2215360219E3A6100E0A78A /* hitBuilding.sks */; };
		A221537B219E3A6200E0A78A /* Helper.swift in Sources */ = {isa = PBXBuildFile; fileRef = A2215361219E3A6100E0A78A /* Helper.swift */; };
		A221537C219E3A6200E0A78A /* Helper.swift in Sources */ = {isa = PBXBuildFile; fileRef = A2215361219E3A6100E0A78A /* Helper.swift */; };
		A221537D219E3A6200E0A78A /* Helper.swift in Sources */ = {isa = PBXBuildFile; fileRef = A2215361219E3A6100E0A78A /* Helper.swift */; };
		A221537E219E3A6200E0A78A /* Assets.xcassets in Resources */ = {isa = PBXBuildFile; fileRef = A2215362219E3A6100E0A78A /* Assets.xcassets */; };
		A221537F219E3A6200E0A78A /* Assets.xcassets in Resources */ = {isa = PBXBuildFile; fileRef = A2215362219E3A6100E0A78A /* Assets.xcassets */; };
		A2215380219E3A6200E0A78A /* Assets.xcassets in Resources */ = {isa = PBXBuildFile; fileRef = A2215362219E3A6100E0A78A /* Assets.xcassets */; };
		A2215381219E3A6200E0A78A /* BuildingNode.swift in Sources */ = {isa = PBXBuildFile; fileRef = A2215363219E3A6100E0A78A /* BuildingNode.swift */; };
		A2215382219E3A6200E0A78A /* BuildingNode.swift in Sources */ = {isa = PBXBuildFile; fileRef = A2215363219E3A6100E0A78A /* BuildingNode.swift */; };
		A2215383219E3A6200E0A78A /* BuildingNode.swift in Sources */ = {isa = PBXBuildFile; fileRef = A2215363219E3A6100E0A78A /* BuildingNode.swift */; };
		A2215384219E3A6200E0A78A /* GameScene.swift in Sources */ = {isa = PBXBuildFile; fileRef = A2215364219E3A6100E0A78A /* GameScene.swift */; };
		A2215385219E3A6200E0A78A /* GameScene.swift in Sources */ = {isa = PBXBuildFile; fileRef = A2215364219E3A6100E0A78A /* GameScene.swift */; };
		A2215386219E3A6200E0A78A /* GameScene.swift in Sources */ = {isa = PBXBuildFile; fileRef = A2215364219E3A6100E0A78A /* GameScene.swift */; };
		A2215387219E3A6200E0A78A /* GameScene.sks in Resources */ = {isa = PBXBuildFile; fileRef = A2215365219E3A6100E0A78A /* GameScene.sks */; };
		A2215388219E3A6200E0A78A /* GameScene.sks in Resources */ = {isa = PBXBuildFile; fileRef = A2215365219E3A6100E0A78A /* GameScene.sks */; };
		A2215389219E3A6200E0A78A /* GameScene.sks in Resources */ = {isa = PBXBuildFile; fileRef = A2215365219E3A6100E0A78A /* GameScene.sks */; };
		A221538A219E3A6200E0A78A /* Main.storyboard in Resources */ = {isa = PBXBuildFile; fileRef = A2215366219E3A6100E0A78A /* Main.storyboard */; };
		A221538B219E3A6200E0A78A /* Main.storyboard in Resources */ = {isa = PBXBuildFile; fileRef = A2215366219E3A6100E0A78A /* Main.storyboard */; };
		A221538C219E3A6200E0A78A /* Main.storyboard in Resources */ = {isa = PBXBuildFile; fileRef = A2215366219E3A6100E0A78A /* Main.storyboard */; };
		A221538D219E3A6200E0A78A /* Actions.sks in Resources */ = {isa = PBXBuildFile; fileRef = A2215367219E3A6100E0A78A /* Actions.sks */; };
		A221538E219E3A6200E0A78A /* Actions.sks in Resources */ = {isa = PBXBuildFile; fileRef = A2215367219E3A6100E0A78A /* Actions.sks */; };
		A221538F219E3A6200E0A78A /* Actions.sks in Resources */ = {isa = PBXBuildFile; fileRef = A2215367219E3A6100E0A78A /* Actions.sks */; };
		A2215390219E3A6200E0A78A /* Base.lproj in Resources */ = {isa = PBXBuildFile; fileRef = A2215368219E3A6100E0A78A /* Base.lproj */; };
		A2215391219E3A6200E0A78A /* Base.lproj in Resources */ = {isa = PBXBuildFile; fileRef = A2215368219E3A6100E0A78A /* Base.lproj */; };
		A2215392219E3A6200E0A78A /* Base.lproj in Resources */ = {isa = PBXBuildFile; fileRef = A2215368219E3A6100E0A78A /* Base.lproj */; };
		A2215393219E3A6200E0A78A /* Launch Screen.storyboard in Resources */ = {isa = PBXBuildFile; fileRef = A2215369219E3A6100E0A78A /* Launch Screen.storyboard */; };
		A2215394219E3A6200E0A78A /* Launch Screen.storyboard in Resources */ = {isa = PBXBuildFile; fileRef = A2215369219E3A6100E0A78A /* Launch Screen.storyboard */; };
		A2215395219E3A6200E0A78A /* Launch Screen.storyboard in Resources */ = {isa = PBXBuildFile; fileRef = A2215369219E3A6100E0A78A /* Launch Screen.storyboard */; };
		A2215396219E3A6200E0A78A /* Info.plist in Resources */ = {isa = PBXBuildFile; fileRef = A221536A219E3A6100E0A78A /* Info.plist */; };
		A2215397219E3A6200E0A78A /* Info.plist in Resources */ = {isa = PBXBuildFile; fileRef = A221536A219E3A6100E0A78A /* Info.plist */; };
		A2215398219E3A6200E0A78A /* Info.plist in Resources */ = {isa = PBXBuildFile; fileRef = A221536A219E3A6100E0A78A /* Info.plist */; };
		A2215399219E3A6200E0A78A /* hitPlayer.sks in Resources */ = {isa = PBXBuildFile; fileRef = A221536B219E3A6100E0A78A /* hitPlayer.sks */; };
		A221539A219E3A6200E0A78A /* hitPlayer.sks in Resources */ = {isa = PBXBuildFile; fileRef = A221536B219E3A6100E0A78A /* hitPlayer.sks */; };
		A221539B219E3A6200E0A78A /* hitPlayer.sks in Resources */ = {isa = PBXBuildFile; fileRef = A221536B219E3A6100E0A78A /* hitPlayer.sks */; };
/* End PBXBuildFile section */

/* Begin PBXContainerItemProxy section */
		A2215340219E3A1E00E0A78A /* PBXContainerItemProxy */ = {
			isa = PBXContainerItemProxy;
			containerPortal = A221531D219E3A1D00E0A78A /* Project object */;
			proxyType = 1;
			remoteGlobalIDString = A2215324219E3A1D00E0A78A;
			remoteInfo = CalculoMonero;
		};
		A221534B219E3A1E00E0A78A /* PBXContainerItemProxy */ = {
			isa = PBXContainerItemProxy;
			containerPortal = A221531D219E3A1D00E0A78A /* Project object */;
			proxyType = 1;
			remoteGlobalIDString = A2215324219E3A1D00E0A78A;
			remoteInfo = CalculoMonero;
		};
/* End PBXContainerItemProxy section */

/* Begin PBXFileReference section */
		A2215325219E3A1D00E0A78A /* CalculoMonero.app */ = {isa = PBXFileReference; explicitFileType = wrapper.application; includeInIndex = 0; path = CalculoMonero.app; sourceTree = BUILT_PRODUCTS_DIR; };
		A221533F219E3A1E00E0A78A /* CalculoMoneroTests.xctest */ = {isa = PBXFileReference; explicitFileType = wrapper.cfbundle; includeInIndex = 0; path = CalculoMoneroTests.xctest; sourceTree = BUILT_PRODUCTS_DIR; };
		A2215343219E3A1E00E0A78A /* CalculoMoneroTests.swift */ = {isa = PBXFileReference; lastKnownFileType = sourcecode.swift; path = CalculoMoneroTests.swift; sourceTree = "<group>"; };
		A2215345219E3A1E00E0A78A /* Info.plist */ = {isa = PBXFileReference; lastKnownFileType = text.plist.xml; path = Info.plist; sourceTree = "<group>"; };
		A221534A219E3A1E00E0A78A /* CalculoMoneroUITests.xctest */ = {isa = PBXFileReference; explicitFileType = wrapper.cfbundle; includeInIndex = 0; path = CalculoMoneroUITests.xctest; sourceTree = BUILT_PRODUCTS_DIR; };
		A221534E219E3A1E00E0A78A /* CalculoMoneroUITests.swift */ = {isa = PBXFileReference; lastKnownFileType = sourcecode.swift; path = CalculoMoneroUITests.swift; sourceTree = "<group>"; };
		A2215350219E3A1E00E0A78A /* Info.plist */ = {isa = PBXFileReference; lastKnownFileType = text.plist.xml; path = Info.plist; sourceTree = "<group>"; };
		A221535C219E3A6000E0A78A /* GameViewController.swift */ = {isa = PBXFileReference; fileEncoding = 4; lastKnownFileType = sourcecode.swift; name = GameViewController.swift; path = "../../../Downloads/Monkey--master/Project29/calculoMonero copy/GameViewController.swift"; sourceTree = "<group>"; };
		A221535D219E3A6000E0A78A /* AppDelegate.swift */ = {isa = PBXFileReference; fileEncoding = 4; lastKnownFileType = sourcecode.swift; name = AppDelegate.swift; path = "../../../Downloads/Monkey--master/Project29/calculoMonero copy/AppDelegate.swift"; sourceTree = "<group>"; };
		A221535E219E3A6000E0A78A /* assets.atlas */ = {isa = PBXFileReference; lastKnownFileType = folder.skatlas; path = assets.atlas; sourceTree = "<group>"; };
		A221535F219E3A6000E0A78A /* ProfessorView.swift */ = {isa = PBXFileReference; fileEncoding = 4; lastKnownFileType = sourcecode.swift; path = ProfessorView.swift; sourceTree = "<group>"; };
		A2215360219E3A6100E0A78A /* hitBuilding.sks */ = {isa = PBXFileReference; lastKnownFileType = file.sks; path = hitBuilding.sks; sourceTree = "<group>"; };
		A2215361219E3A6100E0A78A /* Helper.swift */ = {isa = PBXFileReference; fileEncoding = 4; lastKnownFileType = sourcecode.swift; path = Helper.swift; sourceTree = "<group>"; };
		A2215362219E3A6100E0A78A /* Assets.xcassets */ = {isa = PBXFileReference; lastKnownFileType = folder.assetcatalog; name = Assets.xcassets; path = "../../../Downloads/Monkey--master/Project29/calculoMonero copy/Assets.xcassets"; sourceTree = "<group>"; };
		A2215363219E3A6100E0A78A /* BuildingNode.swift */ = {isa = PBXFileReference; fileEncoding = 4; lastKnownFileType = sourcecode.swift; path = BuildingNode.swift; sourceTree = "<group>"; };
		A2215364219E3A6100E0A78A /* GameScene.swift */ = {isa = PBXFileReference; fileEncoding = 4; lastKnownFileType = sourcecode.swift; name = GameScene.swift; path = "../../../Downloads/Monkey--master/Project29/calculoMonero copy/GameScene.swift"; sourceTree = "<group>"; };
		A2215365219E3A6100E0A78A /* GameScene.sks */ = {isa = PBXFileReference; lastKnownFileType = file.sks; name = GameScene.sks; path = "../../../Downloads/Monkey--master/Project29/calculoMonero copy/GameScene.sks"; sourceTree = "<group>"; };
		A2215366219E3A6100E0A78A /* Main.storyboard */ = {isa = PBXFileReference; fileEncoding = 4; lastKnownFileType = file.storyboard; path = Main.storyboard; sourceTree = "<group>"; };
		A2215367219E3A6100E0A78A /* Actions.sks */ = {isa = PBXFileReference; lastKnownFileType = file.sks; name = Actions.sks; path = "../../../Downloads/Monkey--master/Project29/calculoMonero copy/Actions.sks"; sourceTree = "<group>"; };
		A2215368219E3A6100E0A78A /* Base.lproj */ = {isa = PBXFileReference; lastKnownFileType = folder; name = Base.lproj; path = "../../../Downloads/Monkey--master/Project29/calculoMonero copy/Base.lproj"; sourceTree = "<group>"; };
		A2215369219E3A6100E0A78A /* Launch Screen.storyboard */ = {isa = PBXFileReference; fileEncoding = 4; lastKnownFileType = file.storyboard; path = "Launch Screen.storyboard"; sourceTree = "<group>"; };
		A221536A219E3A6100E0A78A /* Info.plist */ = {isa = PBXFileReference; fileEncoding = 4; lastKnownFileType = text.plist.xml; name = Info.plist; path = "../../../Downloads/Monkey--master/Project29/calculoMonero copy/Info.plist"; sourceTree = "<group>"; };
		A221536B219E3A6100E0A78A /* hitPlayer.sks */ = {isa = PBXFileReference; lastKnownFileType = file.sks; path = hitPlayer.sks; sourceTree = "<group>"; };
/* End PBXFileReference section */

/* Begin PBXFrameworksBuildPhase section */
		A2215322219E3A1D00E0A78A /* Frameworks */ = {
			isa = PBXFrameworksBuildPhase;
			buildActionMask = 2147483647;
			files = (
			);
			runOnlyForDeploymentPostprocessing = 0;
		};
		A221533C219E3A1E00E0A78A /* Frameworks */ = {
			isa = PBXFrameworksBuildPhase;
			buildActionMask = 2147483647;
			files = (
			);
			runOnlyForDeploymentPostprocessing = 0;
		};
		A2215347219E3A1E00E0A78A /* Frameworks */ = {
			isa = PBXFrameworksBuildPhase;
			buildActionMask = 2147483647;
			files = (
			);
			runOnlyForDeploymentPostprocessing = 0;
		};
/* End PBXFrameworksBuildPhase section */

/* Begin PBXGroup section */
		A221531C219E3A1D00E0A78A = {
			isa = PBXGroup;
			children = (
				A2215327219E3A1D00E0A78A /* CalculoMonero */,
				A2215342219E3A1E00E0A78A /* CalculoMoneroTests */,
				A221534D219E3A1E00E0A78A /* CalculoMoneroUITests */,
				A2215326219E3A1D00E0A78A /* Products */,
			);
			sourceTree = "<group>";
		};
		A2215326219E3A1D00E0A78A /* Products */ = {
			isa = PBXGroup;
			children = (
				A2215325219E3A1D00E0A78A /* CalculoMonero.app */,
				A221533F219E3A1E00E0A78A /* CalculoMoneroTests.xctest */,
				A221534A219E3A1E00E0A78A /* CalculoMoneroUITests.xctest */,
			);
			name = Products;
			sourceTree = "<group>";
		};
		A2215327219E3A1D00E0A78A /* CalculoMonero */ = {
			isa = PBXGroup;
			children = (
				A2215367219E3A6100E0A78A /* Actions.sks */,
				A221535D219E3A6000E0A78A /* AppDelegate.swift */,
				A221535E219E3A6000E0A78A /* assets.atlas */,
				A2215362219E3A6100E0A78A /* Assets.xcassets */,
				A2215368219E3A6100E0A78A /* Base.lproj */,
				A2215363219E3A6100E0A78A /* BuildingNode.swift */,
				A2215365219E3A6100E0A78A /* GameScene.sks */,
				A2215364219E3A6100E0A78A /* GameScene.swift */,
				A221535C219E3A6000E0A78A /* GameViewController.swift */,
				A2215361219E3A6100E0A78A /* Helper.swift */,
				A2215360219E3A6100E0A78A /* hitBuilding.sks */,
				A221536B219E3A6100E0A78A /* hitPlayer.sks */,
				A221536A219E3A6100E0A78A /* Info.plist */,
				A2215369219E3A6100E0A78A /* Launch Screen.storyboard */,
				A2215366219E3A6100E0A78A /* Main.storyboard */,
				A221535F219E3A6000E0A78A /* ProfessorView.swift */,
			);
			path = CalculoMonero;
			sourceTree = "<group>";
		};
		A2215342219E3A1E00E0A78A /* CalculoMoneroTests */ = {
			isa = PBXGroup;
			children = (
				A2215343219E3A1E00E0A78A /* CalculoMoneroTests.swift */,
				A2215345219E3A1E00E0A78A /* Info.plist */,
			);
			path = CalculoMoneroTests;
			sourceTree = "<group>";
		};
		A221534D219E3A1E00E0A78A /* CalculoMoneroUITests */ = {
			isa = PBXGroup;
			children = (
				A221534E219E3A1E00E0A78A /* CalculoMoneroUITests.swift */,
				A2215350219E3A1E00E0A78A /* Info.plist */,
			);
			path = CalculoMoneroUITests;
			sourceTree = "<group>";
		};
/* End PBXGroup section */

/* Begin PBXNativeTarget section */
		A2215324219E3A1D00E0A78A /* CalculoMonero */ = {
			isa = PBXNativeTarget;
			buildConfigurationList = A2215353219E3A1E00E0A78A /* Build configuration list for PBXNativeTarget "CalculoMonero" */;
			buildPhases = (
				A2215321219E3A1D00E0A78A /* Sources */,
				A2215322219E3A1D00E0A78A /* Frameworks */,
				A2215323219E3A1D00E0A78A /* Resources */,
			);
			buildRules = (
			);
			dependencies = (
			);
			name = CalculoMonero;
			productName = CalculoMonero;
			productReference = A2215325219E3A1D00E0A78A /* CalculoMonero.app */;
			productType = "com.apple.product-type.application";
		};
		A221533E219E3A1E00E0A78A /* CalculoMoneroTests */ = {
			isa = PBXNativeTarget;
			buildConfigurationList = A2215356219E3A1E00E0A78A /* Build configuration list for PBXNativeTarget "CalculoMoneroTests" */;
			buildPhases = (
				A221533B219E3A1E00E0A78A /* Sources */,
				A221533C219E3A1E00E0A78A /* Frameworks */,
				A221533D219E3A1E00E0A78A /* Resources */,
			);
			buildRules = (
			);
			dependencies = (
				A2215341219E3A1E00E0A78A /* PBXTargetDependency */,
			);
			name = CalculoMoneroTests;
			productName = CalculoMoneroTests;
			productReference = A221533F219E3A1E00E0A78A /* CalculoMoneroTests.xctest */;
			productType = "com.apple.product-type.bundle.unit-test";
		};
		A2215349219E3A1E00E0A78A /* CalculoMoneroUITests */ = {
			isa = PBXNativeTarget;
			buildConfigurationList = A2215359219E3A1E00E0A78A /* Build configuration list for PBXNativeTarget "CalculoMoneroUITests" */;
			buildPhases = (
				A2215346219E3A1E00E0A78A /* Sources */,
				A2215347219E3A1E00E0A78A /* Frameworks */,
				A2215348219E3A1E00E0A78A /* Resources */,
			);
			buildRules = (
			);
			dependencies = (
				A221534C219E3A1E00E0A78A /* PBXTargetDependency */,
			);
			name = CalculoMoneroUITests;
			productName = CalculoMoneroUITests;
			productReference = A221534A219E3A1E00E0A78A /* CalculoMoneroUITests.xctest */;
			productType = "com.apple.product-type.bundle.ui-testing";
		};
/* End PBXNativeTarget section */

/* Begin PBXProject section */
		A221531D219E3A1D00E0A78A /* Project object */ = {
			isa = PBXProject;
			attributes = {
				LastSwiftUpdateCheck = 1010;
				LastUpgradeCheck = 1010;
				ORGANIZATIONNAME = Bouchan;
				TargetAttributes = {
					A2215324219E3A1D00E0A78A = {
						CreatedOnToolsVersion = 10.1;
						LastSwiftMigration = 1010;
					};
					A221533E219E3A1E00E0A78A = {
						CreatedOnToolsVersion = 10.1;
						TestTargetID = A2215324219E3A1D00E0A78A;
					};
					A2215349219E3A1E00E0A78A = {
						CreatedOnToolsVersion = 10.1;
						TestTargetID = A2215324219E3A1D00E0A78A;
					};
				};
			};
			buildConfigurationList = A2215320219E3A1D00E0A78A /* Build configuration list for PBXProject "CalculoMonero" */;
			compatibilityVersion = "Xcode 9.3";
			developmentRegion = en;
			hasScannedForEncodings = 0;
			knownRegions = (
				en,
				Base,
			);
			mainGroup = A221531C219E3A1D00E0A78A;
			productRefGroup = A2215326219E3A1D00E0A78A /* Products */;
			projectDirPath = "";
			projectRoot = "";
			targets = (
				A2215324219E3A1D00E0A78A /* CalculoMonero */,
				A221533E219E3A1E00E0A78A /* CalculoMoneroTests */,
				A2215349219E3A1E00E0A78A /* CalculoMoneroUITests */,
			);
		};
/* End PBXProject section */

/* Begin PBXResourcesBuildPhase section */
		A2215323219E3A1D00E0A78A /* Resources */ = {
			isa = PBXResourcesBuildPhase;
			buildActionMask = 2147483647;
			files = (
				A2215387219E3A6200E0A78A /* GameScene.sks in Resources */,
				A2215390219E3A6200E0A78A /* Base.lproj in Resources */,
				A2215399219E3A6200E0A78A /* hitPlayer.sks in Resources */,
				A2215396219E3A6200E0A78A /* Info.plist in Resources */,
				A2215393219E3A6200E0A78A /* Launch Screen.storyboard in Resources */,
				A221538D219E3A6200E0A78A /* Actions.sks in Resources */,
				A221538A219E3A6200E0A78A /* Main.storyboard in Resources */,
				A2215372219E3A6200E0A78A /* assets.atlas in Resources */,
				A221537E219E3A6200E0A78A /* Assets.xcassets in Resources */,
				A2215378219E3A6200E0A78A /* hitBuilding.sks in Resources */,
			);
			runOnlyForDeploymentPostprocessing = 0;
		};
		A221533D219E3A1E00E0A78A /* Resources */ = {
			isa = PBXResourcesBuildPhase;
			buildActionMask = 2147483647;
			files = (
				A2215388219E3A6200E0A78A /* GameScene.sks in Resources */,
				A2215391219E3A6200E0A78A /* Base.lproj in Resources */,
				A221539A219E3A6200E0A78A /* hitPlayer.sks in Resources */,
				A2215397219E3A6200E0A78A /* Info.plist in Resources */,
				A2215394219E3A6200E0A78A /* Launch Screen.storyboard in Resources */,
				A221538E219E3A6200E0A78A /* Actions.sks in Resources */,
				A221538B219E3A6200E0A78A /* Main.storyboard in Resources */,
				A2215373219E3A6200E0A78A /* assets.atlas in Resources */,
				A221537F219E3A6200E0A78A /* Assets.xcassets in Resources */,
				A2215379219E3A6200E0A78A /* hitBuilding.sks in Resources */,
			);
			runOnlyForDeploymentPostprocessing = 0;
		};
		A2215348219E3A1E00E0A78A /* Resources */ = {
			isa = PBXResourcesBuildPhase;
			buildActionMask = 2147483647;
			files = (
				A2215389219E3A6200E0A78A /* GameScene.sks in Resources */,
				A2215392219E3A6200E0A78A /* Base.lproj in Resources */,
				A221539B219E3A6200E0A78A /* hitPlayer.sks in Resources */,
				A2215398219E3A6200E0A78A /* Info.plist in Resources */,
				A2215395219E3A6200E0A78A /* Launch Screen.storyboard in Resources */,
				A221538F219E3A6200E0A78A /* Actions.sks in Resources */,
				A221538C219E3A6200E0A78A /* Main.storyboard in Resources */,
				A2215374219E3A6200E0A78A /* assets.atlas in Resources */,
				A2215380219E3A6200E0A78A /* Assets.xcassets in Resources */,
				A221537A219E3A6200E0A78A /* hitBuilding.sks in Resources */,
			);
			runOnlyForDeploymentPostprocessing = 0;
		};
/* End PBXResourcesBuildPhase section */

/* Begin PBXSourcesBuildPhase section */
		A2215321219E3A1D00E0A78A /* Sources */ = {
			isa = PBXSourcesBuildPhase;
			buildActionMask = 2147483647;
			files = (
				A2215384219E3A6200E0A78A /* GameScene.swift in Sources */,
				A221536F219E3A6200E0A78A /* AppDelegate.swift in Sources */,
				A2215381219E3A6200E0A78A /* BuildingNode.swift in Sources */,
				A2215375219E3A6200E0A78A /* ProfessorView.swift in Sources */,
				A221536C219E3A6200E0A78A /* GameViewController.swift in Sources */,
				A221537B219E3A6200E0A78A /* Helper.swift in Sources */,
			);
			runOnlyForDeploymentPostprocessing = 0;
		};
		A221533B219E3A1E00E0A78A /* Sources */ = {
			isa = PBXSourcesBuildPhase;
			buildActionMask = 2147483647;
			files = (
				A2215376219E3A6200E0A78A /* ProfessorView.swift in Sources */,
				A2215370219E3A6200E0A78A /* AppDelegate.swift in Sources */,
				A221537C219E3A6200E0A78A /* Helper.swift in Sources */,
				A2215382219E3A6200E0A78A /* BuildingNode.swift in Sources */,
				A221536D219E3A6200E0A78A /* GameViewController.swift in Sources */,
				A2215385219E3A6200E0A78A /* GameScene.swift in Sources */,
				A2215344219E3A1E00E0A78A /* CalculoMoneroTests.swift in Sources */,
			);
			runOnlyForDeploymentPostprocessing = 0;
		};
		A2215346219E3A1E00E0A78A /* Sources */ = {
			isa = PBXSourcesBuildPhase;
			buildActionMask = 2147483647;
			files = (
				A2215377219E3A6200E0A78A /* ProfessorView.swift in Sources */,
				A2215371219E3A6200E0A78A /* AppDelegate.swift in Sources */,
				A221537D219E3A6200E0A78A /* Helper.swift in Sources */,
				A2215383219E3A6200E0A78A /* BuildingNode.swift in Sources */,
				A221536E219E3A6200E0A78A /* GameViewController.swift in Sources */,
				A2215386219E3A6200E0A78A /* GameScene.swift in Sources */,
				A221534F219E3A1E00E0A78A /* CalculoMoneroUITests.swift in Sources */,
			);
			runOnlyForDeploymentPostprocessing = 0;
		};
/* End PBXSourcesBuildPhase section */

/* Begin PBXTargetDependency section */
		A2215341219E3A1E00E0A78A /* PBXTargetDependency */ = {
			isa = PBXTargetDependency;
			target = A2215324219E3A1D00E0A78A /* CalculoMonero */;
			targetProxy = A2215340219E3A1E00E0A78A /* PBXContainerItemProxy */;
		};
		A221534C219E3A1E00E0A78A /* PBXTargetDependency */ = {
			isa = PBXTargetDependency;
			target = A2215324219E3A1D00E0A78A /* CalculoMonero */;
			targetProxy = A221534B219E3A1E00E0A78A /* PBXContainerItemProxy */;
		};
/* End PBXTargetDependency section */

/* Begin XCBuildConfiguration section */
		A2215351219E3A1E00E0A78A /* Debug */ = {
			isa = XCBuildConfiguration;
			buildSettings = {
				ALWAYS_SEARCH_USER_PATHS = NO;
				CLANG_ANALYZER_NONNULL = YES;
				CLANG_ANALYZER_NUMBER_OBJECT_CONVERSION = YES_AGGRESSIVE;
				CLANG_CXX_LANGUAGE_STANDARD = "gnu++14";
				CLANG_CXX_LIBRARY = "libc++";
				CLANG_ENABLE_MODULES = YES;
				CLANG_ENABLE_OBJC_ARC = YES;
				CLANG_ENABLE_OBJC_WEAK = YES;
				CLANG_WARN_BLOCK_CAPTURE_AUTORELEASING = YES;
				CLANG_WARN_BOOL_CONVERSION = YES;
				CLANG_WARN_COMMA = YES;
				CLANG_WARN_CONSTANT_CONVERSION = YES;
				CLANG_WARN_DEPRECATED_OBJC_IMPLEMENTATIONS = YES;
				CLANG_WARN_DIRECT_OBJC_ISA_USAGE = YES_ERROR;
				CLANG_WARN_DOCUMENTATION_COMMENTS = YES;
				CLANG_WARN_EMPTY_BODY = YES;
				CLANG_WARN_ENUM_CONVERSION = YES;
				CLANG_WARN_INFINITE_RECURSION = YES;
				CLANG_WARN_INT_CONVERSION = YES;
				CLANG_WARN_NON_LITERAL_NULL_CONVERSION = YES;
				CLANG_WARN_OBJC_IMPLICIT_RETAIN_SELF = YES;
				CLANG_WARN_OBJC_LITERAL_CONVERSION = YES;
				CLANG_WARN_OBJC_ROOT_CLASS = YES_ERROR;
				CLANG_WARN_RANGE_LOOP_ANALYSIS = YES;
				CLANG_WARN_STRICT_PROTOTYPES = YES;
				CLANG_WARN_SUSPICIOUS_MOVE = YES;
				CLANG_WARN_UNGUARDED_AVAILABILITY = YES_AGGRESSIVE;
				CLANG_WARN_UNREACHABLE_CODE = YES;
				CLANG_WARN__DUPLICATE_METHOD_MATCH = YES;
				CODE_SIGN_IDENTITY = "iPhone Developer";
				COPY_PHASE_STRIP = NO;
				DEBUG_INFORMATION_FORMAT = dwarf;
				ENABLE_STRICT_OBJC_MSGSEND = YES;
				ENABLE_TESTABILITY = YES;
				GCC_C_LANGUAGE_STANDARD = gnu11;
				GCC_DYNAMIC_NO_PIC = NO;
				GCC_NO_COMMON_BLOCKS = YES;
				GCC_OPTIMIZATION_LEVEL = 0;
				GCC_PREPROCESSOR_DEFINITIONS = (
					"DEBUG=1",
					"$(inherited)",
				);
				GCC_WARN_64_TO_32_BIT_CONVERSION = YES;
				GCC_WARN_ABOUT_RETURN_TYPE = YES_ERROR;
				GCC_WARN_UNDECLARED_SELECTOR = YES;
				GCC_WARN_UNINITIALIZED_AUTOS = YES_AGGRESSIVE;
				GCC_WARN_UNUSED_FUNCTION = YES;
				GCC_WARN_UNUSED_VARIABLE = YES;
				IPHONEOS_DEPLOYMENT_TARGET = 12.1;
				MTL_ENABLE_DEBUG_INFO = INCLUDE_SOURCE;
				MTL_FAST_MATH = YES;
				ONLY_ACTIVE_ARCH = YES;
				SDKROOT = iphoneos;
				SWIFT_ACTIVE_COMPILATION_CONDITIONS = DEBUG;
				SWIFT_OPTIMIZATION_LEVEL = "-Onone";
			};
			name = Debug;
		};
		A2215352219E3A1E00E0A78A /* Release */ = {
			isa = XCBuildConfiguration;
			buildSettings = {
				ALWAYS_SEARCH_USER_PATHS = NO;
				CLANG_ANALYZER_NONNULL = YES;
				CLANG_ANALYZER_NUMBER_OBJECT_CONVERSION = YES_AGGRESSIVE;
				CLANG_CXX_LANGUAGE_STANDARD = "gnu++14";
				CLANG_CXX_LIBRARY = "libc++";
				CLANG_ENABLE_MODULES = YES;
				CLANG_ENABLE_OBJC_ARC = YES;
				CLANG_ENABLE_OBJC_WEAK = YES;
				CLANG_WARN_BLOCK_CAPTURE_AUTORELEASING = YES;
				CLANG_WARN_BOOL_CONVERSION = YES;
				CLANG_WARN_COMMA = YES;
				CLANG_WARN_CONSTANT_CONVERSION = YES;
				CLANG_WARN_DEPRECATED_OBJC_IMPLEMENTATIONS = YES;
				CLANG_WARN_DIRECT_OBJC_ISA_USAGE = YES_ERROR;
				CLANG_WARN_DOCUMENTATION_COMMENTS = YES;
				CLANG_WARN_EMPTY_BODY = YES;
				CLANG_WARN_ENUM_CONVERSION = YES;
				CLANG_WARN_INFINITE_RECURSION = YES;
				CLANG_WARN_INT_CONVERSION = YES;
				CLANG_WARN_NON_LITERAL_NULL_CONVERSION = YES;
				CLANG_WARN_OBJC_IMPLICIT_RETAIN_SELF = YES;
				CLANG_WARN_OBJC_LITERAL_CONVERSION = YES;
				CLANG_WARN_OBJC_ROOT_CLASS = YES_ERROR;
				CLANG_WARN_RANGE_LOOP_ANALYSIS = YES;
				CLANG_WARN_STRICT_PROTOTYPES = YES;
				CLANG_WARN_SUSPICIOUS_MOVE = YES;
				CLANG_WARN_UNGUARDED_AVAILABILITY = YES_AGGRESSIVE;
				CLANG_WARN_UNREACHABLE_CODE = YES;
				CLANG_WARN__DUPLICATE_METHOD_MATCH = YES;
				CODE_SIGN_IDENTITY = "iPhone Developer";
				COPY_PHASE_STRIP = NO;
				DEBUG_INFORMATION_FORMAT = "dwarf-with-dsym";
				ENABLE_NS_ASSERTIONS = NO;
				ENABLE_STRICT_OBJC_MSGSEND = YES;
				GCC_C_LANGUAGE_STANDARD = gnu11;
				GCC_NO_COMMON_BLOCKS = YES;
				GCC_WARN_64_TO_32_BIT_CONVERSION = YES;
				GCC_WARN_ABOUT_RETURN_TYPE = YES_ERROR;
				GCC_WARN_UNDECLARED_SELECTOR = YES;
				GCC_WARN_UNINITIALIZED_AUTOS = YES_AGGRESSIVE;
				GCC_WARN_UNUSED_FUNCTION = YES;
				GCC_WARN_UNUSED_VARIABLE = YES;
				IPHONEOS_DEPLOYMENT_TARGET = 12.1;
				MTL_ENABLE_DEBUG_INFO = NO;
				MTL_FAST_MATH = YES;
				SDKROOT = iphoneos;
				SWIFT_COMPILATION_MODE = wholemodule;
				SWIFT_OPTIMIZATION_LEVEL = "-O";
				VALIDATE_PRODUCT = YES;
			};
			name = Release;
		};
		A2215354219E3A1E00E0A78A /* Debug */ = {
			isa = XCBuildConfiguration;
			buildSettings = {
				ASSETCATALOG_COMPILER_APPICON_NAME = AppIcon;
				CLANG_ENABLE_MODULES = YES;
				CODE_SIGN_STYLE = Automatic;
				DEVELOPMENT_TEAM = CZTZ3772AM;
				INFOPLIST_FILE = CalculoMonero/Info.plist;
				IPHONEOS_DEPLOYMENT_TARGET = 11.4;
				LD_RUNPATH_SEARCH_PATHS = (
					"$(inherited)",
					"@executable_path/Frameworks",
				);
				PRODUCT_BUNDLE_IDENTIFIER = BouCo.CalculoMonero;
				PRODUCT_NAME = "$(TARGET_NAME)";
				SWIFT_OPTIMIZATION_LEVEL = "-Onone";
				SWIFT_VERSION = 4.2;
				TARGETED_DEVICE_FAMILY = "1,2";
			};
			name = Debug;
		};
		A2215355219E3A1E00E0A78A /* Release */ = {
			isa = XCBuildConfiguration;
			buildSettings = {
				ASSETCATALOG_COMPILER_APPICON_NAME = AppIcon;
				CLANG_ENABLE_MODULES = YES;
				CODE_SIGN_STYLE = Automatic;
				DEVELOPMENT_TEAM = CZTZ3772AM;
				INFOPLIST_FILE = CalculoMonero/Info.plist;
				IPHONEOS_DEPLOYMENT_TARGET = 11.4;
				LD_RUNPATH_SEARCH_PATHS = (
					"$(inherited)",
					"@executable_path/Frameworks",
				);
				PRODUCT_BUNDLE_IDENTIFIER = BouCo.CalculoMonero;
				PRODUCT_NAME = "$(TARGET_NAME)";
				SWIFT_VERSION = 4.2;
				TARGETED_DEVICE_FAMILY = "1,2";
			};
			name = Release;
		};
		A2215357219E3A1E00E0A78A /* Debug */ = {
			isa = XCBuildConfiguration;
			buildSettings = {
				ALWAYS_EMBED_SWIFT_STANDARD_LIBRARIES = YES;
				BUNDLE_LOADER = "$(TEST_HOST)";
				CODE_SIGN_STYLE = Automatic;
				DEVELOPMENT_TEAM = CZTZ3772AM;
				INFOPLIST_FILE = CalculoMoneroTests/Info.plist;
				LD_RUNPATH_SEARCH_PATHS = (
					"$(inherited)",
					"@executable_path/Frameworks",
					"@loader_path/Frameworks",
				);
				PRODUCT_BUNDLE_IDENTIFIER = BouCo.CalculoMoneroTests;
				PRODUCT_NAME = "$(TARGET_NAME)";
				SWIFT_VERSION = 4.2;
				TARGETED_DEVICE_FAMILY = "1,2";
				TEST_HOST = "$(BUILT_PRODUCTS_DIR)/CalculoMonero.app/CalculoMonero";
			};
			name = Debug;
		};
		A2215358219E3A1E00E0A78A /* Release */ = {
			isa = XCBuildConfiguration;
			buildSettings = {
				ALWAYS_EMBED_SWIFT_STANDARD_LIBRARIES = YES;
				BUNDLE_LOADER = "$(TEST_HOST)";
				CODE_SIGN_STYLE = Automatic;
				DEVELOPMENT_TEAM = CZTZ3772AM;
				INFOPLIST_FILE = CalculoMoneroTests/Info.plist;
				LD_RUNPATH_SEARCH_PATHS = (
					"$(inherited)",
					"@executable_path/Frameworks",
					"@loader_path/Frameworks",
				);
				PRODUCT_BUNDLE_IDENTIFIER = BouCo.CalculoMoneroTests;
				PRODUCT_NAME = "$(TARGET_NAME)";
				SWIFT_VERSION = 4.2;
				TARGETED_DEVICE_FAMILY = "1,2";
				TEST_HOST = "$(BUILT_PRODUCTS_DIR)/CalculoMonero.app/CalculoMonero";
			};
			name = Release;
		};
		A221535A219E3A1E00E0A78A /* Debug */ = {
			isa = XCBuildConfiguration;
			buildSettings = {
				ALWAYS_EMBED_SWIFT_STANDARD_LIBRARIES = YES;
				CODE_SIGN_STYLE = Automatic;
				DEVELOPMENT_TEAM = CZTZ3772AM;
				INFOPLIST_FILE = CalculoMoneroUITests/Info.plist;
				LD_RUNPATH_SEARCH_PATHS = (
					"$(inherited)",
					"@executable_path/Frameworks",
					"@loader_path/Frameworks",
				);
				PRODUCT_BUNDLE_IDENTIFIER = BouCo.CalculoMoneroUITests;
				PRODUCT_NAME = "$(TARGET_NAME)";
				SWIFT_VERSION = 4.2;
				TARGETED_DEVICE_FAMILY = "1,2";
				TEST_TARGET_NAME = CalculoMonero;
			};
			name = Debug;
		};
		A221535B219E3A1E00E0A78A /* Release */ = {
			isa = XCBuildConfiguration;
			buildSettings = {
				ALWAYS_EMBED_SWIFT_STANDARD_LIBRARIES = YES;
				CODE_SIGN_STYLE = Automatic;
				DEVELOPMENT_TEAM = CZTZ3772AM;
				INFOPLIST_FILE = CalculoMoneroUITests/Info.plist;
				LD_RUNPATH_SEARCH_PATHS = (
					"$(inherited)",
					"@executable_path/Frameworks",
					"@loader_path/Frameworks",
				);
				PRODUCT_BUNDLE_IDENTIFIER = BouCo.CalculoMoneroUITests;
				PRODUCT_NAME = "$(TARGET_NAME)";
				SWIFT_VERSION = 4.2;
				TARGETED_DEVICE_FAMILY = "1,2";
				TEST_TARGET_NAME = CalculoMonero;
			};
			name = Release;
		};
/* End XCBuildConfiguration section */

/* Begin XCConfigurationList section */
		A2215320219E3A1D00E0A78A /* Build configuration list for PBXProject "CalculoMonero" */ = {
			isa = XCConfigurationList;
			buildConfigurations = (
				A2215351219E3A1E00E0A78A /* Debug */,
				A2215352219E3A1E00E0A78A /* Release */,
			);
			defaultConfigurationIsVisible = 0;
			defaultConfigurationName = Release;
		};
		A2215353219E3A1E00E0A78A /* Build configuration list for PBXNativeTarget "CalculoMonero" */ = {
			isa = XCConfigurationList;
			buildConfigurations = (
				A2215354219E3A1E00E0A78A /* Debug */,
				A2215355219E3A1E00E0A78A /* Release */,
			);
			defaultConfigurationIsVisible = 0;
			defaultConfigurationName = Release;
		};
		A2215356219E3A1E00E0A78A /* Build configuration list for PBXNativeTarget "CalculoMoneroTests" */ = {
			isa = XCConfigurationList;
			buildConfigurations = (
				A2215357219E3A1E00E0A78A /* Debug */,
				A2215358219E3A1E00E0A78A /* Release */,
			);
			defaultConfigurationIsVisible = 0;
			defaultConfigurationName = Release;
		};
		A2215359219E3A1E00E0A78A /* Build configuration list for PBXNativeTarget "CalculoMoneroUITests" */ = {
			isa = XCConfigurationList;
			buildConfigurations = (
				A221535A219E3A1E00E0A78A /* Debug */,
				A221535B219E3A1E00E0A78A /* Release */,
			);
			defaultConfigurationIsVisible = 0;
			defaultConfigurationName = Release;
		};
/* End XCConfigurationList section */
	};
	rootObject = A221531D219E3A1D00E0A78A /* Project object */;
}
